# generated by rye
# use `rye lock` or `rye sync` to update this lockfile
#
# last locked with the following flags:
#   pre: false
#   features: []
#   all-features: false
#   with-sources: false
#   generate-hashes: false
#   universal: false

-e file:.
astroid==3.2.4
    # via pylint
asttokens==2.4.1
    # via stack-data
coverage==7.6.1
decorator==5.1.1
    # via ipython
dill==0.3.8
    # via pylint
executing==2.1.0
    # via stack-data
iniconfig==2.0.0
    # via pytest
ipython==8.27.0
isort==5.13.2
    # via pylint
jedi==0.19.1
    # via ipython
matplotlib-inline==0.1.7
    # via ipython
mccabe==0.7.0
    # via pylint
packaging==24.1
    # via pytest
parso==0.8.4
    # via jedi
pexpect==4.9.0
    # via ipython
platformdirs==4.3.6
    # via pylint
pluggy==1.5.0
    # via pytest
prompt-toolkit==3.0.47
    # via ipython
ptyprocess==0.7.0
    # via pexpect
pure-eval==0.2.3
    # via stack-data
pygments==2.18.0
    # via ipython
pylint==3.2.7
pytest==8.3.3
python-dotenv==1.0.1
ruff==0.6.5
six==1.16.0
    # via asttokens
stack-data==0.6.3
    # via ipython
tomlkit==0.13.2
    # via pylint
traitlets==5.14.3
    # via ipython
    # via matplotlib-inline
typing-extensions==4.12.2
    # via ipython
vulture==2.12
wcwidth==0.2.13
    # via prompt-toolkit
